
Microsoft Visual Studio Solution File, Format Version 12.00
# Visual Studio Version 16
VisualStudioVersion = 16.0.30204.135
MinimumVisualStudioVersion = 10.0.40219.1
Project("{9A19103F-16F7-4668-BE54-9A1E7A4F7556}") = "Basics", "Basics\Basics.csproj", "{E03C39BF-B3B5-42A2-B612-463B6132B4C6}"
EndProject
Project("{FAE04EC0-301F-11D3-BF4B-00C04F79EFBC}") = "IdentityExample", "IdentityExample\IdentityExample.csproj", "{D0AB90AE-34DB-4E8A-864A-BC33F21755D2}"
EndProject
Global
	GlobalSection(SolutionConfigurationPlatforms) = preSolution
		Debug|Any CPU = Debug|Any CPU
		Release|Any CPU = Release|Any CPU
	EndGlobalSection
	GlobalSection(ProjectConfigurationPlatforms) = postSolution
		{E03C39BF-B3B5-42A2-B612-463B6132B4C6}.Debug|Any CPU.ActiveCfg = Debug|Any CPU
		{E03C39BF-B3B5-42A2-B612-463B6132B4C6}.Debug|Any CPU.Build.0 = Debug|Any CPU
		{E03C39BF-B3B5-42A2-B612-463B6132B4C6}.Release|Any CPU.ActiveCfg = Release|Any CPU
		{E03C39BF-B3B5-42A2-B612-463B6132B4C6}.Release|Any CPU.Build.0 = Release|Any CPU
		{D0AB90AE-34DB-4E8A-864A-BC33F21755D2}.Debug|Any CPU.ActiveCfg = Debug|Any CPU
		{D0AB90AE-34DB-4E8A-864A-BC33F21755D2}.Debug|Any CPU.Build.0 = Debug|Any CPU
		{D0AB90AE-34DB-4E8A-864A-BC33F21755D2}.Release|Any CPU.ActiveCfg = Release|Any CPU
		{D0AB90AE-34DB-4E8A-864A-BC33F21755D2}.Release|Any CPU.Build.0 = Release|Any CPU
	EndGlobalSection
	GlobalSection(SolutionProperties) = preSolution
		HideSolutionNode = FALSE
	EndGlobalSection
	GlobalSection(ExtensibilityGlobals) = postSolution
		SolutionGuid = {8C1B3AB9-3282-4055-B86D-1B9579A347E3}
	EndGlobalSection
EndGlobal
